
Microsoft Visual Studio Solution File, Format Version 12.00
# Visual Studio Version 17
VisualStudioVersion = 17.9.34728.123
MinimumVisualStudioVersion = 10.0.40219.1
Project("{F184B08F-C81C-45F6-A57F-5ABD9991F28F}") = "EmployeeMangament", "EmployeeMangament\EmployeeMangament.vbproj", "{2BA6BDD3-6676-4EBD-9358-A8B1C60CA80B}"
EndProject
Global
	GlobalSection(SolutionConfigurationPlatforms) = preSolution
		Debug|Any CPU = Debug|Any CPU
		Release|Any CPU = Release|Any CPU
	EndGlobalSection
	GlobalSection(ProjectConfigurationPlatforms) = postSolution
		{2BA6BDD3-6676-4EBD-9358-A8B1C60CA80B}.Debug|Any CPU.ActiveCfg = Debug|Any CPU
		{2BA6BDD3-6676-4EBD-9358-A8B1C60CA80B}.Debug|Any CPU.Build.0 = Debug|Any CPU
		{2BA6BDD3-6676-4EBD-9358-A8B1C60CA80B}.Release|Any CPU.ActiveCfg = Release|Any CPU
		{2BA6BDD3-6676-4EBD-9358-A8B1C60CA80B}.Release|Any CPU.Build.0 = Release|Any CPU
	EndGlobalSection
	GlobalSection(SolutionProperties) = preSolution
		HideSolutionNode = FALSE
	EndGlobalSection
	GlobalSection(ExtensibilityGlobals) = postSolution
		SolutionGuid = {4C5CCA57-57C9-4036-8564-E72619A4B100}
	EndGlobalSection
EndGlobal
